<?xml version="1.0" encoding="utf-8"?>
<Project ToolsVersion="4.0" xmlns="http://schemas.microsoft.com/developer/msbuild/2003">
  <ItemGroup>
    <Filter Include="Archivos de origen">
      <UniqueIdentifier>{4FC737F1-C7A5-4376-A066-2A32D752A2FF}</UniqueIdentifier>
      <Extensions>cpp;c;cc;cxx;c++;cppm;ixx;def;odl;idl;hpj;bat;asm;asmx</Extensions>
    </Filter>
    <Filter Include="Archivos de encabezado">
      <UniqueIdentifier>{93995380-89BD-4b04-88EB-625FBE52EBFB}</UniqueIdentifier>
      <Extensions>h;hh;hpp;hxx;h++;hm;inl;inc;ipp;xsd</Extensions>
    </Filter>
    <Filter Include="Archivos de recursos">
      <UniqueIdentifier>{67DA6AB6-F800-4c08-8B7A-83BB121AAD01}</UniqueIdentifier>
      <Extensions>rc;ico;cur;bmp;dlg;rc2;rct;bin;rgs;gif;jpg;jpeg;jpe;resx;tiff;tif;png;wav;mfcribbon-ms</Extensions>
    </Filter>
  </ItemGroup>
  <ItemGroup>
    <ClCompile Include="Advent-of-Code-2020.cpp">
      <Filter>Archivos de origen</Filter>
    </ClCompile>
    <ClCompile Include="day01\Day01.cpp">
      <Filter>Archivos de origen</Filter>
    </ClCompile>
    <ClCompile Include="day02\Day02.cpp">
      <Filter>Archivos de origen</Filter>
    </ClCompile>
    <ClCompile Include="day03\Day03.cpp">
      <Filter>Archivos de origen</Filter>
    </ClCompile>
    <ClCompile Include="day04\Day04.cpp">
      <Filter>Archivos de origen</Filter>
    </ClCompile>
    <ClCompile Include="day05\Day05.cpp">
      <Filter>Archivos de origen</Filter>
    </ClCompile>
    <ClCompile Include="day06\Day06.cpp">
      <Filter>Archivos de origen</Filter>
    </ClCompile>
    <ClCompile Include="day07\Day07.cpp">
      <Filter>Archivos de origen</Filter>
    </ClCompile>
    <ClCompile Include="day08\Day08.cpp">
      <Filter>Archivos de origen</Filter>
    </ClCompile>
    <ClCompile Include="day09\Day09.cpp">
      <Filter>Archivos de origen</Filter>
    </ClCompile>
    <ClCompile Include="day10\Day10.cpp">
      <Filter>Archivos de origen</Filter>
    </ClCompile>
    <ClCompile Include="day11\Day11.cpp">
      <Filter>Archivos de origen</Filter>
    </ClCompile>
    <ClCompile Include="day12\Day12.cpp">
      <Filter>Archivos de origen</Filter>
    </ClCompile>
    <ClCompile Include="day13\Day13.cpp">
      <Filter>Archivos de origen</Filter>
    </ClCompile>
    <ClCompile Include="day14\Day14.cpp">
      <Filter>Archivos de origen</Filter>
    </ClCompile>
    <ClCompile Include="day15\Day15.cpp">
      <Filter>Archivos de origen</Filter>
    </ClCompile>
    <ClCompile Include="day16\Day16.cpp">
      <Filter>Archivos de origen</Filter>
    </ClCompile>
  </ItemGroup>
  <ItemGroup>
    <ClInclude Include="day01\Day01.h">
      <Filter>Archivos de encabezado</Filter>
    </ClInclude>
    <ClInclude Include="day02\Day02.h">
      <Filter>Archivos de encabezado</Filter>
    </ClInclude>
    <ClInclude Include="day03\Day03.h">
      <Filter>Archivos de encabezado</Filter>
    </ClInclude>
    <ClInclude Include="day04\Day04.h">
      <Filter>Archivos de encabezado</Filter>
    </ClInclude>
    <ClInclude Include="day05\Day05.h">
      <Filter>Archivos de encabezado</Filter>
    </ClInclude>
    <ClInclude Include="day06\Day06.h">
      <Filter>Archivos de encabezado</Filter>
    </ClInclude>
    <ClInclude Include="day07\Day07.h">
      <Filter>Archivos de encabezado</Filter>
    </ClInclude>
    <ClInclude Include="day08\Day08.h">
      <Filter>Archivos de encabezado</Filter>
    </ClInclude>
    <ClInclude Include="day09\Day09.h">
      <Filter>Archivos de encabezado</Filter>
    </ClInclude>
    <ClInclude Include="day10\Day10.h">
      <Filter>Archivos de encabezado</Filter>
    </ClInclude>
    <ClInclude Include="day11\Day11.h">
      <Filter>Archivos de encabezado</Filter>
    </ClInclude>
    <ClInclude Include="day12\Day12.h">
      <Filter>Archivos de encabezado</Filter>
    </ClInclude>
    <ClInclude Include="day13\Day13.h">
      <Filter>Archivos de encabezado</Filter>
    </ClInclude>
    <ClInclude Include="day14\Day14.h">
      <Filter>Archivos de encabezado</Filter>
    </ClInclude>
    <ClInclude Include="day15\Day15.h">
      <Filter>Archivos de encabezado</Filter>
    </ClInclude>
    <ClInclude Include="day16\Day16.h">
      <Filter>Archivos de encabezado</Filter>
    </ClInclude>
  </ItemGroup>
  <ItemGroup>
    <Text Include="day01\Day01.txt">
      <Filter>Archivos de recursos</Filter>
    </Text>
    <Text Include="day02\Day02.txt">
      <Filter>Archivos de recursos</Filter>
    </Text>
    <Text Include="day03\Day03.txt">
      <Filter>Archivos de recursos</Filter>
    </Text>
    <Text Include="day04\Day04.txt">
      <Filter>Archivos de recursos</Filter>
    </Text>
    <Text Include="day05\Day05.txt">
      <Filter>Archivos de recursos</Filter>
    </Text>
    <Text Include="day06\Day06.txt">
      <Filter>Archivos de recursos</Filter>
    </Text>
    <Text Include="day07\Day07.txt">
      <Filter>Archivos de recursos</Filter>
    </Text>
    <Text Include="day08\Day08.txt">
      <Filter>Archivos de recursos</Filter>
    </Text>
    <Text Include="day09\Day09.txt">
      <Filter>Archivos de recursos</Filter>
    </Text>
    <Text Include="day10\Day10.txt">
      <Filter>Archivos de recursos</Filter>
    </Text>
    <Text Include="day11\Day11.txt">
      <Filter>Archivos de recursos</Filter>
    </Text>
    <Text Include="day12\Day12.txt">
      <Filter>Archivos de recursos</Filter>
    </Text>
    <Text Include="day13\Day13.txt">
      <Filter>Archivos de recursos</Filter>
    </Text>
    <Text Include="day14\Day14.txt">
      <Filter>Archivos de recursos</Filter>
    </Text>
    <Text Include="day15\Day15.txt">
      <Filter>Archivos de recursos</Filter>
    </Text>
    <Text Include="day16\Day16.txt">
      <Filter>Archivos de recursos</Filter>
    </Text>
  </ItemGroup>
</Project>